
Microsoft Visual Studio Solution File, Format Version 12.00
# Visual Studio 15
VisualStudioVersion = 15.0.27703.2000
MinimumVisualStudioVersion = 10.0.40219.1
Project("{FAE04EC0-301F-11D3-BF4B-00C04F79EFBC}") = "Quake", "Quake\Quake.csproj", "{C8C120F1-D18B-4AC5-983C-9C3F6536CF8F}"
EndProject
Project("{FAE04EC0-301F-11D3-BF4B-00C04F79EFBC}") = "Quake.UnitTests", "Quake.UnitTests\Quake.UnitTests.csproj", "{EB689FA3-65C3-445F-9F5D-1E5E84DC3889}"
EndProject
Project("{2150E333-8FDC-42A3-9474-1A3956D46DE8}") = "Game", "Game", "{0695865D-E110-43B2-A2C2-28BAEEE893AB}"
EndProject
Project("{FAE04EC0-301F-11D3-BF4B-00C04F79EFBC}") = "Quake.Infrastructure", "Quake.Infrastructure\Quake.Infrastructure.csproj", "{D9190C1C-7316-4C94-ABCA-C9FEBBB6247F}"
EndProject
Project("{FAE04EC0-301F-11D3-BF4B-00C04F79EFBC}") = "Quake.Infrastructure.UnitTests", "Quake.Infrastructure.UnitTests\Quake.Infrastructure.UnitTests.csproj", "{97142DC4-9998-4009-98EE-1FC4F39CE08A}"
EndProject
Project("{2150E333-8FDC-42A3-9474-1A3956D46DE8}") = "Quake Tests", "Quake Tests", "{A16D55AA-0C61-4A5F-93FE-133E1B023D7B}"
EndProject
Project("{FAE04EC0-301F-11D3-BF4B-00C04F79EFBC}") = "Quake.WebAPI", "Quake.WebAPI\Quake.WebAPI.csproj", "{5F57D26E-5674-4C5D-AD7A-22626FD36312}"
EndProject
Global
	GlobalSection(SolutionConfigurationPlatforms) = preSolution
		Debug|Any CPU = Debug|Any CPU
		Release|Any CPU = Release|Any CPU
	EndGlobalSection
	GlobalSection(ProjectConfigurationPlatforms) = postSolution
		{C8C120F1-D18B-4AC5-983C-9C3F6536CF8F}.Debug|Any CPU.ActiveCfg = Debug|Any CPU
		{C8C120F1-D18B-4AC5-983C-9C3F6536CF8F}.Debug|Any CPU.Build.0 = Debug|Any CPU
		{C8C120F1-D18B-4AC5-983C-9C3F6536CF8F}.Release|Any CPU.ActiveCfg = Release|Any CPU
		{C8C120F1-D18B-4AC5-983C-9C3F6536CF8F}.Release|Any CPU.Build.0 = Release|Any CPU
		{EB689FA3-65C3-445F-9F5D-1E5E84DC3889}.Debug|Any CPU.ActiveCfg = Debug|Any CPU
		{EB689FA3-65C3-445F-9F5D-1E5E84DC3889}.Debug|Any CPU.Build.0 = Debug|Any CPU
		{EB689FA3-65C3-445F-9F5D-1E5E84DC3889}.Release|Any CPU.ActiveCfg = Release|Any CPU
		{EB689FA3-65C3-445F-9F5D-1E5E84DC3889}.Release|Any CPU.Build.0 = Release|Any CPU
		{D9190C1C-7316-4C94-ABCA-C9FEBBB6247F}.Debug|Any CPU.ActiveCfg = Debug|Any CPU
		{D9190C1C-7316-4C94-ABCA-C9FEBBB6247F}.Debug|Any CPU.Build.0 = Debug|Any CPU
		{D9190C1C-7316-4C94-ABCA-C9FEBBB6247F}.Release|Any CPU.ActiveCfg = Release|Any CPU
		{D9190C1C-7316-4C94-ABCA-C9FEBBB6247F}.Release|Any CPU.Build.0 = Release|Any CPU
		{97142DC4-9998-4009-98EE-1FC4F39CE08A}.Debug|Any CPU.ActiveCfg = Debug|Any CPU
		{97142DC4-9998-4009-98EE-1FC4F39CE08A}.Debug|Any CPU.Build.0 = Debug|Any CPU
		{97142DC4-9998-4009-98EE-1FC4F39CE08A}.Release|Any CPU.ActiveCfg = Release|Any CPU
		{97142DC4-9998-4009-98EE-1FC4F39CE08A}.Release|Any CPU.Build.0 = Release|Any CPU
		{5F57D26E-5674-4C5D-AD7A-22626FD36312}.Debug|Any CPU.ActiveCfg = Debug|Any CPU
		{5F57D26E-5674-4C5D-AD7A-22626FD36312}.Debug|Any CPU.Build.0 = Debug|Any CPU
		{5F57D26E-5674-4C5D-AD7A-22626FD36312}.Release|Any CPU.ActiveCfg = Release|Any CPU
		{5F57D26E-5674-4C5D-AD7A-22626FD36312}.Release|Any CPU.Build.0 = Release|Any CPU
	EndGlobalSection
	GlobalSection(SolutionProperties) = preSolution
		HideSolutionNode = FALSE
	EndGlobalSection
	GlobalSection(NestedProjects) = preSolution
		{C8C120F1-D18B-4AC5-983C-9C3F6536CF8F} = {0695865D-E110-43B2-A2C2-28BAEEE893AB}
		{EB689FA3-65C3-445F-9F5D-1E5E84DC3889} = {A16D55AA-0C61-4A5F-93FE-133E1B023D7B}
		{D9190C1C-7316-4C94-ABCA-C9FEBBB6247F} = {0695865D-E110-43B2-A2C2-28BAEEE893AB}
		{97142DC4-9998-4009-98EE-1FC4F39CE08A} = {A16D55AA-0C61-4A5F-93FE-133E1B023D7B}
		{5F57D26E-5674-4C5D-AD7A-22626FD36312} = {0695865D-E110-43B2-A2C2-28BAEEE893AB}
	EndGlobalSection
	GlobalSection(ExtensibilityGlobals) = postSolution
		SolutionGuid = {2BF3030B-F4B6-4940-8B4B-E338EE6E7EF3}
	EndGlobalSection
EndGlobal
